// !$*UTF8*$!
{
	archiveVersion = 1;
	classes = {
	};
	objectVersion = 77;
	objects = {

/* Begin PBXBuildFile section */
		2602CAFF2E96ADF200F4B6FE /* Intents.framework in Frameworks */ = {isa = PBXBuildFile; fileRef = 2602CAFE2E96ADF200F4B6FE /* Intents.framework */; };
		2602CB062E96ADF200F4B6FE /* Genki Health Watch App Extension.appex in Embed Foundation Extensions */ = {isa = PBXBuildFile; fileRef = 2602CAFC2E96ADF200F4B6FE /* Genki Health Watch App Extension.appex */; settings = {ATTRIBUTES = (RemoveHeadersOnCopy, ); }; };
		265926982EA33F9F008CECC0 /* SwiftJWT in Frameworks */ = {isa = PBXBuildFile; productRef = 265926972EA33F9F008CECC0 /* SwiftJWT */; };
		2659269A2EA340D3008CECC0 /* SwiftJWT in Frameworks */ = {isa = PBXBuildFile; productRef = 265926992EA340D3008CECC0 /* SwiftJWT */; };
		265926AA2EA38F95008CECC0 /* SwiftJWT in Frameworks */ = {isa = PBXBuildFile; productRef = 265926A92EA38F95008CECC0 /* SwiftJWT */; };
/* End PBXBuildFile section */

/* Begin PBXContainerItemProxy section */
		2602CABA2E96ABA000F4B6FE /* PBXContainerItemProxy */ = {
			isa = PBXContainerItemProxy;
			containerPortal = 2602CA942E96AB9E00F4B6FE /* Project object */;
			proxyType = 1;
			remoteGlobalIDString = 2602CA9F2E96AB9F00F4B6FE;
			remoteInfo = "Genki Health Watch App";
		};
		2602CB042E96ADF200F4B6FE /* PBXContainerItemProxy */ = {
			isa = PBXContainerItemProxy;
			containerPortal = 2602CA942E96AB9E00F4B6FE /* Project object */;
			proxyType = 1;
			remoteGlobalIDString = 2602CAFB2E96ADF200F4B6FE;
			remoteInfo = "Genki Health Watch App Extension";
		};
		26EEFE0E2E98ED5C00BA774D /* PBXContainerItemProxy */ = {
			isa = PBXContainerItemProxy;
			containerPortal = 2602CA942E96AB9E00F4B6FE /* Project object */;
			proxyType = 1;
			remoteGlobalIDString = 26EEFDF62E98ED5A00BA774D;
			remoteInfo = GenkiHealth;
		};
/* End PBXContainerItemProxy section */

/* Begin PBXCopyFilesBuildPhase section */
		2602CB0B2E96ADF200F4B6FE /* Embed Foundation Extensions */ = {
			isa = PBXCopyFilesBuildPhase;
			buildActionMask = 2147483647;
			dstPath = "";
			dstSubfolderSpec = 13;
			files = (
				2602CB062E96ADF200F4B6FE /* Genki Health Watch App Extension.appex in Embed Foundation Extensions */,
			);
			name = "Embed Foundation Extensions";
			runOnlyForDeploymentPostprocessing = 0;
		};
/* End PBXCopyFilesBuildPhase section */

/* Begin PBXFileReference section */
		2602CAA02E96AB9F00F4B6FE /* Genki Health Watch App.app */ = {isa = PBXFileReference; explicitFileType = wrapper.application; includeInIndex = 0; path = "Genki Health Watch App.app"; sourceTree = BUILT_PRODUCTS_DIR; };
		2602CAB92E96ABA000F4B6FE /* Genki Health Watch AppUITests.xctest */ = {isa = PBXFileReference; explicitFileType = wrapper.cfbundle; includeInIndex = 0; path = "Genki Health Watch AppUITests.xctest"; sourceTree = BUILT_PRODUCTS_DIR; };
		2602CAFC2E96ADF200F4B6FE /* Genki Health Watch App Extension.appex */ = {isa = PBXFileReference; explicitFileType = "wrapper.app-extension"; includeInIndex = 0; path = "Genki Health Watch App Extension.appex"; sourceTree = BUILT_PRODUCTS_DIR; };
		2602CAFE2E96ADF200F4B6FE /* Intents.framework */ = {isa = PBXFileReference; lastKnownFileType = wrapper.framework; name = Intents.framework; path = System/Library/Frameworks/Intents.framework; sourceTree = SDKROOT; };
		26EEFDF72E98ED5A00BA774D /* GenkiHealth.app */ = {isa = PBXFileReference; explicitFileType = wrapper.application; includeInIndex = 0; path = GenkiHealth.app; sourceTree = BUILT_PRODUCTS_DIR; };
		26EEFE0D2E98ED5C00BA774D /* GenkiHealthUITests.xctest */ = {isa = PBXFileReference; explicitFileType = wrapper.cfbundle; includeInIndex = 0; path = GenkiHealthUITests.xctest; sourceTree = BUILT_PRODUCTS_DIR; };
/* End PBXFileReference section */

/* Begin PBXFileSystemSynchronizedBuildFileExceptionSet section */
		2602CB072E96ADF200F4B6FE /* Exceptions for "Genki Health Watch App Extension" folder in "Genki Health Watch App Extension" target */ = {
			isa = PBXFileSystemSynchronizedBuildFileExceptionSet;
			membershipExceptions = (
				HealthManager.swift,
				Info.plist,
			);
			target = 2602CAFB2E96ADF200F4B6FE /* Genki Health Watch App Extension */;
		};
		2602CB0D2E96B00100F4B6FE /* Exceptions for "Genki Health Watch App Extension" folder in "Genki Health Watch App" target */ = {
			isa = PBXFileSystemSynchronizedBuildFileExceptionSet;
			membershipExceptions = (
				AlertMonitor.swift,
				HealthConstants.swift,
				HealthManager.swift,
				HttpHelper.swift,
				HttpManager.swift,
				LiveData.swift,
				StorageHepler.swift,
				TokenHelper.swift,
			);
			target = 2602CA9F2E96AB9F00F4B6FE /* Genki Health Watch App */;
		};
/* End PBXFileSystemSynchronizedBuildFileExceptionSet section */

/* Begin PBXFileSystemSynchronizedRootGroup section */
		2602CAA42E96AB9F00F4B6FE /* Genki Health Watch App */ = {
			isa = PBXFileSystemSynchronizedRootGroup;
			path = "Genki Health Watch App";
			sourceTree = "<group>";
		};
		2602CAB22E96ABA000F4B6FE /* Genki Health Watch AppTests */ = {
			isa = PBXFileSystemSynchronizedRootGroup;
			path = "Genki Health Watch AppTests";
			sourceTree = "<group>";
		};
		2602CABC2E96ABA000F4B6FE /* Genki Health Watch AppUITests */ = {
			isa = PBXFileSystemSynchronizedRootGroup;
			path = "Genki Health Watch AppUITests";
			sourceTree = "<group>";
		};
		2602CB002E96ADF200F4B6FE /* Genki Health Watch App Extension */ = {
			isa = PBXFileSystemSynchronizedRootGroup;
			exceptions = (
				2602CB0D2E96B00100F4B6FE /* Exceptions for "Genki Health Watch App Extension" folder in "Genki Health Watch App" target */,
				2602CB072E96ADF200F4B6FE /* Exceptions for "Genki Health Watch App Extension" folder in "Genki Health Watch App Extension" target */,
			);
			path = "Genki Health Watch App Extension";
			sourceTree = "<group>";
		};
		26EEFDF82E98ED5A00BA774D /* GenkiHealth */ = {
			isa = PBXFileSystemSynchronizedRootGroup;
			path = GenkiHealth;
			sourceTree = "<group>";
		};
		26EEFE062E98ED5C00BA774D /* GenkiHealthTests */ = {
			isa = PBXFileSystemSynchronizedRootGroup;
			path = GenkiHealthTests;
			sourceTree = "<group>";
		};
		26EEFE102E98ED5C00BA774D /* GenkiHealthUITests */ = {
			isa = PBXFileSystemSynchronizedRootGroup;
			path = GenkiHealthUITests;
			sourceTree = "<group>";
		};
/* End PBXFileSystemSynchronizedRootGroup section */

/* Begin PBXFrameworksBuildPhase section */
		2602CA9D2E96AB9F00F4B6FE /* Frameworks */ = {
			isa = PBXFrameworksBuildPhase;
			buildActionMask = 2147483647;
			files = (
				2659269A2EA340D3008CECC0 /* SwiftJWT in Frameworks */,
			);
			runOnlyForDeploymentPostprocessing = 0;
		};
		2602CAB62E96ABA000F4B6FE /* Frameworks */ = {
			isa = PBXFrameworksBuildPhase;
			buildActionMask = 2147483647;
			files = (
			);
			runOnlyForDeploymentPostprocessing = 0;
		};
		2602CAF92E96ADF200F4B6FE /* Frameworks */ = {
			isa = PBXFrameworksBuildPhase;
			buildActionMask = 2147483647;
			files = (
				265926982EA33F9F008CECC0 /* SwiftJWT in Frameworks */,
				2602CAFF2E96ADF200F4B6FE /* Intents.framework in Frameworks */,
			);
			runOnlyForDeploymentPostprocessing = 0;
		};
		26EEFDF42E98ED5A00BA774D /* Frameworks */ = {
			isa = PBXFrameworksBuildPhase;
			buildActionMask = 2147483647;
			files = (
				265926AA2EA38F95008CECC0 /* SwiftJWT in Frameworks */,
			);
			runOnlyForDeploymentPostprocessing = 0;
		};
		26EEFE0A2E98ED5C00BA774D /* Frameworks */ = {
			isa = PBXFrameworksBuildPhase;
			buildActionMask = 2147483647;
			files = (
			);
			runOnlyForDeploymentPostprocessing = 0;
		};
/* End PBXFrameworksBuildPhase section */

/* Begin PBXGroup section */
		2602CA932E96AB9E00F4B6FE = {
			isa = PBXGroup;
			children = (
				2602CAA42E96AB9F00F4B6FE /* Genki Health Watch App */,
				2602CAB22E96ABA000F4B6FE /* Genki Health Watch AppTests */,
				2602CABC2E96ABA000F4B6FE /* Genki Health Watch AppUITests */,
				2602CB002E96ADF200F4B6FE /* Genki Health Watch App Extension */,
				26EEFDF82E98ED5A00BA774D /* GenkiHealth */,
				26EEFE062E98ED5C00BA774D /* GenkiHealthTests */,
				26EEFE102E98ED5C00BA774D /* GenkiHealthUITests */,
				2602CAFD2E96ADF200F4B6FE /* Frameworks */,
				2602CA9B2E96AB9F00F4B6FE /* Products */,
			);
			sourceTree = "<group>";
		};
		2602CA9B2E96AB9F00F4B6FE /* Products */ = {
			isa = PBXGroup;
			children = (
				2602CAA02E96AB9F00F4B6FE /* Genki Health Watch App.app */,
				2602CAB92E96ABA000F4B6FE /* Genki Health Watch AppUITests.xctest */,
				2602CAFC2E96ADF200F4B6FE /* Genki Health Watch App Extension.appex */,
				26EEFDF72E98ED5A00BA774D /* GenkiHealth.app */,
				26EEFE0D2E98ED5C00BA774D /* GenkiHealthUITests.xctest */,
			);
			name = Products;
			sourceTree = "<group>";
		};
		2602CAFD2E96ADF200F4B6FE /* Frameworks */ = {
			isa = PBXGroup;
			children = (
				2602CAFE2E96ADF200F4B6FE /* Intents.framework */,
			);
			name = Frameworks;
			sourceTree = "<group>";
		};
/* End PBXGroup section */

/* Begin PBXNativeTarget section */
		2602CA9F2E96AB9F00F4B6FE /* Genki Health Watch App */ = {
			isa = PBXNativeTarget;
			buildConfigurationList = 2602CAC32E96ABA000F4B6FE /* Build configuration list for PBXNativeTarget "Genki Health Watch App" */;
			buildPhases = (
				2602CA9C2E96AB9F00F4B6FE /* Sources */,
				2602CA9D2E96AB9F00F4B6FE /* Frameworks */,
				2602CA9E2E96AB9F00F4B6FE /* Resources */,
				2602CB0B2E96ADF200F4B6FE /* Embed Foundation Extensions */,
			);
			buildRules = (
			);
			dependencies = (
				2602CB052E96ADF200F4B6FE /* PBXTargetDependency */,
			);
			fileSystemSynchronizedGroups = (
				2602CAA42E96AB9F00F4B6FE /* Genki Health Watch App */,
			);
			name = "Genki Health Watch App";
			packageProductDependencies = (
				265926992EA340D3008CECC0 /* SwiftJWT */,
			);
			productName = "Genki Health Watch App";
			productReference = 2602CAA02E96AB9F00F4B6FE /* Genki Health Watch App.app */;
			productType = "com.apple.product-type.application";
		};
		2602CAB82E96ABA000F4B6FE /* Genki Health Watch AppUITests */ = {
			isa = PBXNativeTarget;
			buildConfigurationList = 2602CACD2E96ABA000F4B6FE /* Build configuration list for PBXNativeTarget "Genki Health Watch AppUITests" */;
			buildPhases = (
				2602CAB52E96ABA000F4B6FE /* Sources */,
				2602CAB62E96ABA000F4B6FE /* Frameworks */,
				2602CAB72E96ABA000F4B6FE /* Resources */,
			);
			buildRules = (
			);
			dependencies = (
				2602CABB2E96ABA000F4B6FE /* PBXTargetDependency */,
			);
			fileSystemSynchronizedGroups = (
				2602CABC2E96ABA000F4B6FE /* Genki Health Watch AppUITests */,
			);
			name = "Genki Health Watch AppUITests";
			packageProductDependencies = (
			);
			productName = "Genki Health Watch AppUITests";
			productReference = 2602CAB92E96ABA000F4B6FE /* Genki Health Watch AppUITests.xctest */;
			productType = "com.apple.product-type.bundle.ui-testing";
		};
		2602CAFB2E96ADF200F4B6FE /* Genki Health Watch App Extension */ = {
			isa = PBXNativeTarget;
			buildConfigurationList = 2602CB082E96ADF200F4B6FE /* Build configuration list for PBXNativeTarget "Genki Health Watch App Extension" */;
			buildPhases = (
				2602CAF82E96ADF200F4B6FE /* Sources */,
				2602CAF92E96ADF200F4B6FE /* Frameworks */,
				2602CAFA2E96ADF200F4B6FE /* Resources */,
			);
			buildRules = (
			);
			dependencies = (
			);
			fileSystemSynchronizedGroups = (
				2602CB002E96ADF200F4B6FE /* Genki Health Watch App Extension */,
			);
			name = "Genki Health Watch App Extension";
			packageProductDependencies = (
				265926972EA33F9F008CECC0 /* SwiftJWT */,
			);
			productName = "Genki Health Watch App Extension";
			productReference = 2602CAFC2E96ADF200F4B6FE /* Genki Health Watch App Extension.appex */;
			productType = "com.apple.product-type.app-extension";
		};
		26EEFDF62E98ED5A00BA774D /* GenkiHealth */ = {
			isa = PBXNativeTarget;
			buildConfigurationList = 26EEFE1B2E98ED5C00BA774D /* Build configuration list for PBXNativeTarget "GenkiHealth" */;
			buildPhases = (
				26EEFDF32E98ED5A00BA774D /* Sources */,
				26EEFDF42E98ED5A00BA774D /* Frameworks */,
				26EEFDF52E98ED5A00BA774D /* Resources */,
			);
			buildRules = (
			);
			dependencies = (
			);
			fileSystemSynchronizedGroups = (
				26EEFDF82E98ED5A00BA774D /* GenkiHealth */,
			);
			name = GenkiHealth;
			packageProductDependencies = (
				265926A92EA38F95008CECC0 /* SwiftJWT */,
			);
			productName = GenkiHealth;
			productReference = 26EEFDF72E98ED5A00BA774D /* GenkiHealth.app */;
			productType = "com.apple.product-type.application";
		};
		26EEFE0C2E98ED5C00BA774D /* GenkiHealthUITests */ = {
			isa = PBXNativeTarget;
			buildConfigurationList = 26EEFE1D2E98ED5C00BA774D /* Build configuration list for PBXNativeTarget "GenkiHealthUITests" */;
			buildPhases = (
				26EEFE092E98ED5C00BA774D /* Sources */,
				26EEFE0A2E98ED5C00BA774D /* Frameworks */,
				26EEFE0B2E98ED5C00BA774D /* Resources */,
			);
			buildRules = (
			);
			dependencies = (
				26EEFE0F2E98ED5C00BA774D /* PBXTargetDependency */,
			);
			fileSystemSynchronizedGroups = (
				26EEFE102E98ED5C00BA774D /* GenkiHealthUITests */,
			);
			name = GenkiHealthUITests;
			packageProductDependencies = (
			);
			productName = GenkiHealthUITests;
			productReference = 26EEFE0D2E98ED5C00BA774D /* GenkiHealthUITests.xctest */;
			productType = "com.apple.product-type.bundle.ui-testing";
		};
/* End PBXNativeTarget section */

/* Begin PBXProject section */
		2602CA942E96AB9E00F4B6FE /* Project object */ = {
			isa = PBXProject;
			attributes = {
				BuildIndependentTargetsInParallel = 1;
				LastSwiftUpdateCheck = 1640;
				LastUpgradeCheck = 1640;
				TargetAttributes = {
					2602CA9F2E96AB9F00F4B6FE = {
						CreatedOnToolsVersion = 16.4;
					};
					2602CAB82E96ABA000F4B6FE = {
						CreatedOnToolsVersion = 16.4;
						TestTargetID = 2602CA9F2E96AB9F00F4B6FE;
					};
					2602CAFB2E96ADF200F4B6FE = {
						CreatedOnToolsVersion = 16.4;
					};
					26EEFDF62E98ED5A00BA774D = {
						CreatedOnToolsVersion = 16.4;
					};
					26EEFE0C2E98ED5C00BA774D = {
						CreatedOnToolsVersion = 16.4;
						TestTargetID = 26EEFDF62E98ED5A00BA774D;
					};
				};
			};
			buildConfigurationList = 2602CA972E96AB9E00F4B6FE /* Build configuration list for PBXProject "Genki Health" */;
			developmentRegion = en;
			hasScannedForEncodings = 0;
			knownRegions = (
				en,
				Base,
			);
			mainGroup = 2602CA932E96AB9E00F4B6FE;
			minimizedProjectReferenceProxies = 1;
			packageReferences = (
				265926962EA33F9F008CECC0 /* XCRemoteSwiftPackageReference "Swift-JWT" */,
			);
			preferredProjectObjectVersion = 77;
			productRefGroup = 2602CA9B2E96AB9F00F4B6FE /* Products */;
			projectDirPath = "";
			projectRoot = "";
			targets = (
				2602CA9F2E96AB9F00F4B6FE /* Genki Health Watch App */,
				2602CAB82E96ABA000F4B6FE /* Genki Health Watch AppUITests */,
				2602CAFB2E96ADF200F4B6FE /* Genki Health Watch App Extension */,
				26EEFDF62E98ED5A00BA774D /* GenkiHealth */,
				26EEFE0C2E98ED5C00BA774D /* GenkiHealthUITests */,
			);
		};
/* End PBXProject section */

/* Begin PBXResourcesBuildPhase section */
		2602CA9E2E96AB9F00F4B6FE /* Resources */ = {
			isa = PBXResourcesBuildPhase;
			buildActionMask = 2147483647;
			files = (
			);
			runOnlyForDeploymentPostprocessing = 0;
		};
		2602CAB72E96ABA000F4B6FE /* Resources */ = {
			isa = PBXResourcesBuildPhase;
			buildActionMask = 2147483647;
			files = (
			);
			runOnlyForDeploymentPostprocessing = 0;
		};
		2602CAFA2E96ADF200F4B6FE /* Resources */ = {
			isa = PBXResourcesBuildPhase;
			buildActionMask = 2147483647;
			files = (
			);
			runOnlyForDeploymentPostprocessing = 0;
		};
		26EEFDF52E98ED5A00BA774D /* Resources */ = {
			isa = PBXResourcesBuildPhase;
			buildActionMask = 2147483647;
			files = (
			);
			runOnlyForDeploymentPostprocessing = 0;
		};
		26EEFE0B2E98ED5C00BA774D /* Resources */ = {
			isa = PBXResourcesBuildPhase;
			buildActionMask = 2147483647;
			files = (
			);
			runOnlyForDeploymentPostprocessing = 0;
		};
/* End PBXResourcesBuildPhase section */

/* Begin PBXSourcesBuildPhase section */
		2602CA9C2E96AB9F00F4B6FE /* Sources */ = {
			isa = PBXSourcesBuildPhase;
			buildActionMask = 2147483647;
			files = (
			);
			runOnlyForDeploymentPostprocessing = 0;
		};
		2602CAB52E96ABA000F4B6FE /* Sources */ = {
			isa = PBXSourcesBuildPhase;
			buildActionMask = 2147483647;
			files = (
			);
			runOnlyForDeploymentPostprocessing = 0;
		};
		2602CAF82E96ADF200F4B6FE /* Sources */ = {
			isa = PBXSourcesBuildPhase;
			buildActionMask = 2147483647;
			files = (
			);
			runOnlyForDeploymentPostprocessing = 0;
		};
		26EEFDF32E98ED5A00BA774D /* Sources */ = {
			isa = PBXSourcesBuildPhase;
			buildActionMask = 2147483647;
			files = (
			);
			runOnlyForDeploymentPostprocessing = 0;
		};
		26EEFE092E98ED5C00BA774D /* Sources */ = {
			isa = PBXSourcesBuildPhase;
			buildActionMask = 2147483647;
			files = (
			);
			runOnlyForDeploymentPostprocessing = 0;
		};
/* End PBXSourcesBuildPhase section */

/* Begin PBXTargetDependency section */
		2602CABB2E96ABA000F4B6FE /* PBXTargetDependency */ = {
			isa = PBXTargetDependency;
			target = 2602CA9F2E96AB9F00F4B6FE /* Genki Health Watch App */;
			targetProxy = 2602CABA2E96ABA000F4B6FE /* PBXContainerItemProxy */;
		};
		2602CB052E96ADF200F4B6FE /* PBXTargetDependency */ = {
			isa = PBXTargetDependency;
			target = 2602CAFB2E96ADF200F4B6FE /* Genki Health Watch App Extension */;
			targetProxy = 2602CB042E96ADF200F4B6FE /* PBXContainerItemProxy */;
		};
		26EEFE0F2E98ED5C00BA774D /* PBXTargetDependency */ = {
			isa = PBXTargetDependency;
			target = 26EEFDF62E98ED5A00BA774D /* GenkiHealth */;
			targetProxy = 26EEFE0E2E98ED5C00BA774D /* PBXContainerItemProxy */;
		};
/* End PBXTargetDependency section */

/* Begin XCBuildConfiguration section */
		2602CAC12E96ABA000F4B6FE /* Debug */ = {
			isa = XCBuildConfiguration;
			buildSettings = {
				ALWAYS_SEARCH_USER_PATHS = NO;
				ASSETCATALOG_COMPILER_GENERATE_SWIFT_ASSET_SYMBOL_EXTENSIONS = YES;
				CLANG_ANALYZER_NONNULL = YES;
				CLANG_ANALYZER_NUMBER_OBJECT_CONVERSION = YES_AGGRESSIVE;
				CLANG_CXX_LANGUAGE_STANDARD = "gnu++20";
				CLANG_ENABLE_MODULES = YES;
				CLANG_ENABLE_OBJC_ARC = YES;
				CLANG_ENABLE_OBJC_WEAK = YES;
				CLANG_WARN_BLOCK_CAPTURE_AUTORELEASING = YES;
				CLANG_WARN_BOOL_CONVERSION = YES;
				CLANG_WARN_COMMA = YES;
				CLANG_WARN_CONSTANT_CONVERSION = YES;
				CLANG_WARN_DEPRECATED_OBJC_IMPLEMENTATIONS = YES;
				CLANG_WARN_DIRECT_OBJC_ISA_USAGE = YES_ERROR;
				CLANG_WARN_DOCUMENTATION_COMMENTS = YES;
				CLANG_WARN_EMPTY_BODY = YES;
				CLANG_WARN_ENUM_CONVERSION = YES;
				CLANG_WARN_INFINITE_RECURSION = YES;
				CLANG_WARN_INT_CONVERSION = YES;
				CLANG_WARN_NON_LITERAL_NULL_CONVERSION = YES;
				CLANG_WARN_OBJC_IMPLICIT_RETAIN_SELF = YES;
				CLANG_WARN_OBJC_LITERAL_CONVERSION = YES;
				CLANG_WARN_OBJC_ROOT_CLASS = YES_ERROR;
				CLANG_WARN_QUOTED_INCLUDE_IN_FRAMEWORK_HEADER = YES;
				CLANG_WARN_RANGE_LOOP_ANALYSIS = YES;
				CLANG_WARN_STRICT_PROTOTYPES = YES;
				CLANG_WARN_SUSPICIOUS_MOVE = YES;
				CLANG_WARN_UNGUARDED_AVAILABILITY = YES_AGGRESSIVE;
				CLANG_WARN_UNREACHABLE_CODE = YES;
				CLANG_WARN__DUPLICATE_METHOD_MATCH = YES;
				COPY_PHASE_STRIP = NO;
				DEBUG_INFORMATION_FORMAT = dwarf;
				DEVELOPMENT_TEAM = 6XZ5QSMM2B;
				ENABLE_STRICT_OBJC_MSGSEND = YES;
				ENABLE_TESTABILITY = YES;
				ENABLE_USER_SCRIPT_SANDBOXING = YES;
				GCC_C_LANGUAGE_STANDARD = gnu17;
				GCC_DYNAMIC_NO_PIC = NO;
				GCC_NO_COMMON_BLOCKS = YES;
				GCC_OPTIMIZATION_LEVEL = 0;
				GCC_PREPROCESSOR_DEFINITIONS = (
					"DEBUG=1",
					"$(inherited)",
				);
				GCC_WARN_64_TO_32_BIT_CONVERSION = YES;
				GCC_WARN_ABOUT_RETURN_TYPE = YES_ERROR;
				GCC_WARN_UNDECLARED_SELECTOR = YES;
				GCC_WARN_UNINITIALIZED_AUTOS = YES_AGGRESSIVE;
				GCC_WARN_UNUSED_FUNCTION = YES;
				GCC_WARN_UNUSED_VARIABLE = YES;
				LOCALIZATION_PREFERS_STRING_CATALOGS = YES;
				MTL_ENABLE_DEBUG_INFO = INCLUDE_SOURCE;
				MTL_FAST_MATH = YES;
				ONLY_ACTIVE_ARCH = YES;
				SWIFT_ACTIVE_COMPILATION_CONDITIONS = "DEBUG $(inherited)";
				SWIFT_OPTIMIZATION_LEVEL = "-Onone";
			};
			name = Debug;
		};
		2602CAC22E96ABA000F4B6FE /* Release */ = {
			isa = XCBuildConfiguration;
			buildSettings = {
				ALWAYS_SEARCH_USER_PATHS = NO;
				ASSETCATALOG_COMPILER_GENERATE_SWIFT_ASSET_SYMBOL_EXTENSIONS = YES;
				CLANG_ANALYZER_NONNULL = YES;
				CLANG_ANALYZER_NUMBER_OBJECT_CONVERSION = YES_AGGRESSIVE;
				CLANG_CXX_LANGUAGE_STANDARD = "gnu++20";
				CLANG_ENABLE_MODULES = YES;
				CLANG_ENABLE_OBJC_ARC = YES;
				CLANG_ENABLE_OBJC_WEAK = YES;
				CLANG_WARN_BLOCK_CAPTURE_AUTORELEASING = YES;
				CLANG_WARN_BOOL_CONVERSION = YES;
				CLANG_WARN_COMMA = YES;
				CLANG_WARN_CONSTANT_CONVERSION = YES;
				CLANG_WARN_DEPRECATED_OBJC_IMPLEMENTATIONS = YES;
				CLANG_WARN_DIRECT_OBJC_ISA_USAGE = YES_ERROR;
				CLANG_WARN_DOCUMENTATION_COMMENTS = YES;
				CLANG_WARN_EMPTY_BODY = YES;
				CLANG_WARN_ENUM_CONVERSION = YES;
				CLANG_WARN_INFINITE_RECURSION = YES;
				CLANG_WARN_INT_CONVERSION = YES;
				CLANG_WARN_NON_LITERAL_NULL_CONVERSION = YES;
				CLANG_WARN_OBJC_IMPLICIT_RETAIN_SELF = YES;
				CLANG_WARN_OBJC_LITERAL_CONVERSION = YES;
				CLANG_WARN_OBJC_ROOT_CLASS = YES_ERROR;
				CLANG_WARN_QUOTED_INCLUDE_IN_FRAMEWORK_HEADER = YES;
				CLANG_WARN_RANGE_LOOP_ANALYSIS = YES;
				CLANG_WARN_STRICT_PROTOTYPES = YES;
				CLANG_WARN_SUSPICIOUS_MOVE = YES;
				CLANG_WARN_UNGUARDED_AVAILABILITY = YES_AGGRESSIVE;
				CLANG_WARN_UNREACHABLE_CODE = YES;
				CLANG_WARN__DUPLICATE_METHOD_MATCH = YES;
				COPY_PHASE_STRIP = NO;
				DEBUG_INFORMATION_FORMAT = "dwarf-with-dsym";
				DEVELOPMENT_TEAM = 6XZ5QSMM2B;
				ENABLE_NS_ASSERTIONS = NO;
				ENABLE_STRICT_OBJC_MSGSEND = YES;
				ENABLE_USER_SCRIPT_SANDBOXING = YES;
				GCC_C_LANGUAGE_STANDARD = gnu17;
				GCC_NO_COMMON_BLOCKS = YES;
				GCC_WARN_64_TO_32_BIT_CONVERSION = YES;
				GCC_WARN_ABOUT_RETURN_TYPE = YES_ERROR;
				GCC_WARN_UNDECLARED_SELECTOR = YES;
				GCC_WARN_UNINITIALIZED_AUTOS = YES_AGGRESSIVE;
				GCC_WARN_UNUSED_FUNCTION = YES;
				GCC_WARN_UNUSED_VARIABLE = YES;
				LOCALIZATION_PREFERS_STRING_CATALOGS = YES;
				MTL_ENABLE_DEBUG_INFO = NO;
				MTL_FAST_MATH = YES;
				SWIFT_COMPILATION_MODE = wholemodule;
			};
			name = Release;
		};
		2602CAC42E96ABA000F4B6FE /* Debug */ = {
			isa = XCBuildConfiguration;
			buildSettings = {
				ASSETCATALOG_COMPILER_APPICON_NAME = AppIcon;
				ASSETCATALOG_COMPILER_GLOBAL_ACCENT_COLOR_NAME = AccentColor;
				CODE_SIGN_ENTITLEMENTS = "Genki Health Watch App/Genki Health Watch App.entitlements";
				CODE_SIGN_IDENTITY = "Apple Development";
				CODE_SIGN_STYLE = Automatic;
				CURRENT_PROJECT_VERSION = 1;
				DEVELOPMENT_TEAM = 6XZ5QSMM2B;
				ENABLE_PREVIEWS = YES;
				GENERATE_INFOPLIST_FILE = YES;
				INFOPLIST_KEY_CFBundleDisplayName = "Genki Care";
				INFOPLIST_KEY_NSHealthShareUsageDescription = "Ứng dụng cần quyền đọc dữ liệu nhịp tim.";
				INFOPLIST_KEY_NSHealthUpdateUsageDescription = "Ứng dụng cần quyền ghi dữ liệu sức khỏe";
				INFOPLIST_KEY_UISupportedInterfaceOrientations = "UIInterfaceOrientationPortrait UIInterfaceOrientationPortraitUpsideDown";
				INFOPLIST_KEY_WKWatchOnly = YES;
				LD_RUNPATH_SEARCH_PATHS = (
					"$(inherited)",
					"@executable_path/Frameworks",
				);
				MARKETING_VERSION = 1.0;
				PRODUCT_BUNDLE_IDENTIFIER = "com.insens.genki.Genki-Health.watchkitapp";
				PRODUCT_NAME = "$(TARGET_NAME)";
				PROVISIONING_PROFILE_SPECIFIER = "";
				SDKROOT = watchos;
				SKIP_INSTALL = YES;
				SWIFT_EMIT_LOC_STRINGS = YES;
				SWIFT_VERSION = 5.0;
				TARGETED_DEVICE_FAMILY = 4;
				WATCHOS_DEPLOYMENT_TARGET = 9.6;
			};
			name = Debug;
		};
		2602CAC52E96ABA000F4B6FE /* Release */ = {
			isa = XCBuildConfiguration;
			buildSettings = {
				ASSETCATALOG_COMPILER_APPICON_NAME = AppIcon;
				ASSETCATALOG_COMPILER_GLOBAL_ACCENT_COLOR_NAME = AccentColor;
				CODE_SIGN_ENTITLEMENTS = "Genki Health Watch App/Genki Health Watch App.entitlements";
				CODE_SIGN_IDENTITY = "Apple Development";
				CODE_SIGN_STYLE = Automatic;
				CURRENT_PROJECT_VERSION = 1;
				DEVELOPMENT_TEAM = 6XZ5QSMM2B;
				ENABLE_PREVIEWS = YES;
				GENERATE_INFOPLIST_FILE = YES;
				INFOPLIST_KEY_CFBundleDisplayName = "Genki Care";
				INFOPLIST_KEY_NSHealthShareUsageDescription = "Ứng dụng cần quyền đọc dữ liệu nhịp tim.";
				INFOPLIST_KEY_NSHealthUpdateUsageDescription = "Ứng dụng cần quyền ghi dữ liệu sức khỏe";
				INFOPLIST_KEY_UISupportedInterfaceOrientations = "UIInterfaceOrientationPortrait UIInterfaceOrientationPortraitUpsideDown";
				INFOPLIST_KEY_WKWatchOnly = YES;
				LD_RUNPATH_SEARCH_PATHS = (
					"$(inherited)",
					"@executable_path/Frameworks",
				);
				MARKETING_VERSION = 1.0;
				PRODUCT_BUNDLE_IDENTIFIER = "com.insens.genki.Genki-Health.watchkitapp";
				PRODUCT_NAME = "$(TARGET_NAME)";
				PROVISIONING_PROFILE_SPECIFIER = "";
				SDKROOT = watchos;
				SKIP_INSTALL = YES;
				SWIFT_EMIT_LOC_STRINGS = YES;
				SWIFT_VERSION = 5.0;
				TARGETED_DEVICE_FAMILY = 4;
				VALIDATE_PRODUCT = YES;
				WATCHOS_DEPLOYMENT_TARGET = 9.6;
			};
			name = Release;
		};
		2602CACE2E96ABA000F4B6FE /* Debug */ = {
			isa = XCBuildConfiguration;
			buildSettings = {
				CODE_SIGN_STYLE = Automatic;
				CURRENT_PROJECT_VERSION = 1;
				DEVELOPMENT_TEAM = 6XZ5QSMM2B;
				GENERATE_INFOPLIST_FILE = YES;
				MARKETING_VERSION = 1.0;
				PRODUCT_BUNDLE_IDENTIFIER = "com.insens.genki.Genki-Health-Watch-AppUITests";
				PRODUCT_NAME = "$(TARGET_NAME)";
				SDKROOT = watchos;
				SWIFT_EMIT_LOC_STRINGS = NO;
				SWIFT_VERSION = 5.0;
				TARGETED_DEVICE_FAMILY = 4;
				TEST_TARGET_NAME = "Genki Health Watch App";
				WATCHOS_DEPLOYMENT_TARGET = 9.6;
			};
			name = Debug;
		};
		2602CACF2E96ABA000F4B6FE /* Release */ = {
			isa = XCBuildConfiguration;
			buildSettings = {
				CODE_SIGN_STYLE = Automatic;
				CURRENT_PROJECT_VERSION = 1;
				DEVELOPMENT_TEAM = 6XZ5QSMM2B;
				GENERATE_INFOPLIST_FILE = YES;
				MARKETING_VERSION = 1.0;
				PRODUCT_BUNDLE_IDENTIFIER = "com.insens.genki.Genki-Health-Watch-AppUITests";
				PRODUCT_NAME = "$(TARGET_NAME)";
				SDKROOT = watchos;
				SWIFT_EMIT_LOC_STRINGS = NO;
				SWIFT_VERSION = 5.0;
				TARGETED_DEVICE_FAMILY = 4;
				TEST_TARGET_NAME = "Genki Health Watch App";
				VALIDATE_PRODUCT = YES;
				WATCHOS_DEPLOYMENT_TARGET = 9.6;
			};
			name = Release;
		};
		2602CB092E96ADF200F4B6FE /* Debug */ = {
			isa = XCBuildConfiguration;
			buildSettings = {
				CODE_SIGN_ENTITLEMENTS = "Genki Health Watch App Extension/Genki Health Watch App Extension.entitlements";
				CODE_SIGN_IDENTITY = "Apple Development";
				CODE_SIGN_STYLE = Automatic;
				CURRENT_PROJECT_VERSION = 1;
				DEVELOPMENT_TEAM = 6XZ5QSMM2B;
				GENERATE_INFOPLIST_FILE = YES;
				INFOPLIST_FILE = "Genki Health Watch App Extension/Info.plist";
				INFOPLIST_KEY_CFBundleDisplayName = "Genki Health Watch App Extension";
				INFOPLIST_KEY_NSHealthShareUsageDescription = "Ứng dụng cần quyền đọc dữ liệu nhịp tim.";
				INFOPLIST_KEY_NSHealthUpdateUsageDescription = "Ứng dụng cần quyền ghi/truy cập dữ liệu sức khỏe.";
				INFOPLIST_KEY_NSHumanReadableCopyright = "";
				LD_RUNPATH_SEARCH_PATHS = (
					"$(inherited)",
					"@executable_path/Frameworks",
					"@executable_path/../../Frameworks",
					"@executable_path/../../../../Frameworks",
				);
				MARKETING_VERSION = 1.0;
				ONLY_ACTIVE_ARCH = NO;
				PRODUCT_BUNDLE_IDENTIFIER = "com.insens.genki.Genki-Health.watchkitapp.Genki-Health-Watch-App-Extension";
				PRODUCT_NAME = "$(TARGET_NAME)";
				PROVISIONING_PROFILE_SPECIFIER = "";
				SDKROOT = watchos;
				SKIP_INSTALL = YES;
				SWIFT_EMIT_LOC_STRINGS = YES;
				SWIFT_VERSION = 5.0;
				TARGETED_DEVICE_FAMILY = 4;
				WATCHOS_DEPLOYMENT_TARGET = 11.0;
			};
			name = Debug;
		};
		2602CB0A2E96ADF200F4B6FE /* Release */ = {
			isa = XCBuildConfiguration;
			buildSettings = {
				CODE_SIGN_ENTITLEMENTS = "Genki Health Watch App Extension/Genki Health Watch App Extension.entitlements";
				CODE_SIGN_IDENTITY = "Apple Development";
				CODE_SIGN_STYLE = Automatic;
				CURRENT_PROJECT_VERSION = 1;
				DEVELOPMENT_TEAM = 6XZ5QSMM2B;
				GENERATE_INFOPLIST_FILE = YES;
				INFOPLIST_FILE = "Genki Health Watch App Extension/Info.plist";
				INFOPLIST_KEY_CFBundleDisplayName = "Genki Health Watch App Extension";
				INFOPLIST_KEY_NSHealthShareUsageDescription = "Ứng dụng cần quyền đọc dữ liệu nhịp tim.";
				INFOPLIST_KEY_NSHealthUpdateUsageDescription = "Ứng dụng cần quyền ghi/truy cập dữ liệu sức khỏe.";
				INFOPLIST_KEY_NSHumanReadableCopyright = "";
				LD_RUNPATH_SEARCH_PATHS = (
					"$(inherited)",
					"@executable_path/Frameworks",
					"@executable_path/../../Frameworks",
					"@executable_path/../../../../Frameworks",
				);
				MARKETING_VERSION = 1.0;
				PRODUCT_BUNDLE_IDENTIFIER = "com.insens.genki.Genki-Health.watchkitapp.Genki-Health-Watch-App-Extension";
				PRODUCT_NAME = "$(TARGET_NAME)";
				PROVISIONING_PROFILE_SPECIFIER = "";
				SDKROOT = watchos;
				SKIP_INSTALL = YES;
				SWIFT_EMIT_LOC_STRINGS = YES;
				SWIFT_VERSION = 5.0;
				TARGETED_DEVICE_FAMILY = 4;
				VALIDATE_PRODUCT = YES;
				WATCHOS_DEPLOYMENT_TARGET = 11.0;
			};
			name = Release;
		};
		26EEFE152E98ED5C00BA774D /* Debug */ = {
			isa = XCBuildConfiguration;
			buildSettings = {
				ASSETCATALOG_COMPILER_APPICON_NAME = AppIcon;
				ASSETCATALOG_COMPILER_GLOBAL_ACCENT_COLOR_NAME = AccentColor;
				CODE_SIGN_STYLE = Automatic;
				CURRENT_PROJECT_VERSION = 1;
				DEVELOPMENT_TEAM = 6XZ5QSMM2B;
				ENABLE_PREVIEWS = YES;
				GENERATE_INFOPLIST_FILE = YES;
				INFOPLIST_KEY_UIApplicationSceneManifest_Generation = YES;
				INFOPLIST_KEY_UIApplicationSupportsIndirectInputEvents = YES;
				INFOPLIST_KEY_UILaunchScreen_Generation = YES;
				INFOPLIST_KEY_UISupportedInterfaceOrientations_iPad = "UIInterfaceOrientationPortrait UIInterfaceOrientationPortraitUpsideDown UIInterfaceOrientationLandscapeLeft UIInterfaceOrientationLandscapeRight";
				INFOPLIST_KEY_UISupportedInterfaceOrientations_iPhone = "UIInterfaceOrientationPortrait UIInterfaceOrientationLandscapeLeft UIInterfaceOrientationLandscapeRight";
				IPHONEOS_DEPLOYMENT_TARGET = 18.5;
				LD_RUNPATH_SEARCH_PATHS = (
					"$(inherited)",
					"@executable_path/Frameworks",
				);
				MARKETING_VERSION = 1.0;
				PRODUCT_BUNDLE_IDENTIFIER = com.insens.genki.GenkiHealth;
				PRODUCT_NAME = "$(TARGET_NAME)";
				SDKROOT = iphoneos;
				SWIFT_EMIT_LOC_STRINGS = YES;
				SWIFT_VERSION = 5.0;
				TARGETED_DEVICE_FAMILY = "1,2";
			};
			name = Debug;
		};
		26EEFE162E98ED5C00BA774D /* Release */ = {
			isa = XCBuildConfiguration;
			buildSettings = {
				ASSETCATALOG_COMPILER_APPICON_NAME = AppIcon;
				ASSETCATALOG_COMPILER_GLOBAL_ACCENT_COLOR_NAME = AccentColor;
				CODE_SIGN_STYLE = Automatic;
				CURRENT_PROJECT_VERSION = 1;
				DEVELOPMENT_TEAM = 6XZ5QSMM2B;
				ENABLE_PREVIEWS = YES;
				GENERATE_INFOPLIST_FILE = YES;
				INFOPLIST_KEY_UIApplicationSceneManifest_Generation = YES;
				INFOPLIST_KEY_UIApplicationSupportsIndirectInputEvents = YES;
				INFOPLIST_KEY_UILaunchScreen_Generation = YES;
				INFOPLIST_KEY_UISupportedInterfaceOrientations_iPad = "UIInterfaceOrientationPortrait UIInterfaceOrientationPortraitUpsideDown UIInterfaceOrientationLandscapeLeft UIInterfaceOrientationLandscapeRight";
				INFOPLIST_KEY_UISupportedInterfaceOrientations_iPhone = "UIInterfaceOrientationPortrait UIInterfaceOrientationLandscapeLeft UIInterfaceOrientationLandscapeRight";
				IPHONEOS_DEPLOYMENT_TARGET = 18.5;
				LD_RUNPATH_SEARCH_PATHS = (
					"$(inherited)",
					"@executable_path/Frameworks",
				);
				MARKETING_VERSION = 1.0;
				PRODUCT_BUNDLE_IDENTIFIER = com.insens.genki.GenkiHealth;
				PRODUCT_NAME = "$(TARGET_NAME)";
				SDKROOT = iphoneos;
				SWIFT_EMIT_LOC_STRINGS = YES;
				SWIFT_VERSION = 5.0;
				TARGETED_DEVICE_FAMILY = "1,2";
				VALIDATE_PRODUCT = YES;
			};
			name = Release;
		};
		26EEFE192E98ED5C00BA774D /* Debug */ = {
			isa = XCBuildConfiguration;
			buildSettings = {
				CODE_SIGN_STYLE = Automatic;
				CURRENT_PROJECT_VERSION = 1;
				DEVELOPMENT_TEAM = 6XZ5QSMM2B;
				GENERATE_INFOPLIST_FILE = YES;
				IPHONEOS_DEPLOYMENT_TARGET = 18.5;
				MARKETING_VERSION = 1.0;
				PRODUCT_BUNDLE_IDENTIFIER = com.insens.genki.GenkiHealthUITests;
				PRODUCT_NAME = "$(TARGET_NAME)";
				SDKROOT = iphoneos;
				SWIFT_EMIT_LOC_STRINGS = NO;
				SWIFT_VERSION = 5.0;
				TARGETED_DEVICE_FAMILY = "1,2";
				TEST_TARGET_NAME = GenkiHealth;
			};
			name = Debug;
		};
		26EEFE1A2E98ED5C00BA774D /* Release */ = {
			isa = XCBuildConfiguration;
			buildSettings = {
				CODE_SIGN_STYLE = Automatic;
				CURRENT_PROJECT_VERSION = 1;
				DEVELOPMENT_TEAM = 6XZ5QSMM2B;
				GENERATE_INFOPLIST_FILE = YES;
				IPHONEOS_DEPLOYMENT_TARGET = 18.5;
				MARKETING_VERSION = 1.0;
				PRODUCT_BUNDLE_IDENTIFIER = com.insens.genki.GenkiHealthUITests;
				PRODUCT_NAME = "$(TARGET_NAME)";
				SDKROOT = iphoneos;
				SWIFT_EMIT_LOC_STRINGS = NO;
				SWIFT_VERSION = 5.0;
				TARGETED_DEVICE_FAMILY = "1,2";
				TEST_TARGET_NAME = GenkiHealth;
				VALIDATE_PRODUCT = YES;
			};
			name = Release;
		};
/* End XCBuildConfiguration section */

/* Begin XCConfigurationList section */
		2602CA972E96AB9E00F4B6FE /* Build configuration list for PBXProject "Genki Health" */ = {
			isa = XCConfigurationList;
			buildConfigurations = (
				2602CAC12E96ABA000F4B6FE /* Debug */,
				2602CAC22E96ABA000F4B6FE /* Release */,
			);
			defaultConfigurationIsVisible = 0;
			defaultConfigurationName = Release;
		};
		2602CAC32E96ABA000F4B6FE /* Build configuration list for PBXNativeTarget "Genki Health Watch App" */ = {
			isa = XCConfigurationList;
			buildConfigurations = (
				2602CAC42E96ABA000F4B6FE /* Debug */,
				2602CAC52E96ABA000F4B6FE /* Release */,
			);
			defaultConfigurationIsVisible = 0;
			defaultConfigurationName = Release;
		};
		2602CACD2E96ABA000F4B6FE /* Build configuration list for PBXNativeTarget "Genki Health Watch AppUITests" */ = {
			isa = XCConfigurationList;
			buildConfigurations = (
				2602CACE2E96ABA000F4B6FE /* Debug */,
				2602CACF2E96ABA000F4B6FE /* Release */,
			);
			defaultConfigurationIsVisible = 0;
			defaultConfigurationName = Release;
		};
		2602CB082E96ADF200F4B6FE /* Build configuration list for PBXNativeTarget "Genki Health Watch App Extension" */ = {
			isa = XCConfigurationList;
			buildConfigurations = (
				2602CB092E96ADF200F4B6FE /* Debug */,
				2602CB0A2E96ADF200F4B6FE /* Release */,
			);
			defaultConfigurationIsVisible = 0;
			defaultConfigurationName = Release;
		};
		26EEFE1B2E98ED5C00BA774D /* Build configuration list for PBXNativeTarget "GenkiHealth" */ = {
			isa = XCConfigurationList;
			buildConfigurations = (
				26EEFE152E98ED5C00BA774D /* Debug */,
				26EEFE162E98ED5C00BA774D /* Release */,
			);
			defaultConfigurationIsVisible = 0;
			defaultConfigurationName = Release;
		};
		26EEFE1D2E98ED5C00BA774D /* Build configuration list for PBXNativeTarget "GenkiHealthUITests" */ = {
			isa = XCConfigurationList;
			buildConfigurations = (
				26EEFE192E98ED5C00BA774D /* Debug */,
				26EEFE1A2E98ED5C00BA774D /* Release */,
			);
			defaultConfigurationIsVisible = 0;
			defaultConfigurationName = Release;
		};
/* End XCConfigurationList section */

/* Begin XCRemoteSwiftPackageReference section */
		265926962EA33F9F008CECC0 /* XCRemoteSwiftPackageReference "Swift-JWT" */ = {
			isa = XCRemoteSwiftPackageReference;
			repositoryURL = "https://github.com/Kitura/Swift-JWT.git";
			requirement = {
				kind = upToNextMajorVersion;
				minimumVersion = 4.0.2;
			};
		};
/* End XCRemoteSwiftPackageReference section */

/* Begin XCSwiftPackageProductDependency section */
		265926972EA33F9F008CECC0 /* SwiftJWT */ = {
			isa = XCSwiftPackageProductDependency;
			package = 265926962EA33F9F008CECC0 /* XCRemoteSwiftPackageReference "Swift-JWT" */;
			productName = SwiftJWT;
		};
		265926992EA340D3008CECC0 /* SwiftJWT */ = {
			isa = XCSwiftPackageProductDependency;
			package = 265926962EA33F9F008CECC0 /* XCRemoteSwiftPackageReference "Swift-JWT" */;
			productName = SwiftJWT;
		};
		265926A92EA38F95008CECC0 /* SwiftJWT */ = {
			isa = XCSwiftPackageProductDependency;
			package = 265926962EA33F9F008CECC0 /* XCRemoteSwiftPackageReference "Swift-JWT" */;
			productName = SwiftJWT;
		};
/* End XCSwiftPackageProductDependency section */
	};
	rootObject = 2602CA942E96AB9E00F4B6FE /* Project object */;
}
